
Microsoft Visual Studio Solution File, Format Version 12.00
# Visual Studio Version 17
VisualStudioVersion = 17.0.31903.59
MinimumVisualStudioVersion = 10.0.40219.1
Project("{2150E333-8FDC-42A3-9474-1A3956D46DE8}") = "src", "src", "{827E0CD3-B72D-47B6-A68D-7590B98EB39B}"
EndProject
Project("{FAE04EC0-301F-11D3-BF4B-00C04F79EFBC}") = "Messaging.Abstractions", "src\Messaging.Abstractions\Messaging.Abstractions.csproj", "{5C64CFB5-1214-492F-A713-0806B3295209}"
EndProject
Project("{FAE04EC0-301F-11D3-BF4B-00C04F79EFBC}") = "Messaging.Core", "src\Messaging.Core\Messaging.Core.csproj", "{39524F4A-DE1D-45E8-9E2B-14EBE7A0F2A1}"
EndProject
Project("{FAE04EC0-301F-11D3-BF4B-00C04F79EFBC}") = "Messaging.RabbitMQ", "src\Messaging.RabbitMQ\Messaging.RabbitMQ.csproj", "{5D26CE5A-D515-412C-BCEA-832C28BC0AC2}"
EndProject
Project("{2150E333-8FDC-42A3-9474-1A3956D46DE8}") = "samples", "samples", "{5D20AA90-6969-D8BD-9DCD-8634F4692FDA}"
EndProject
Project("{FAE04EC0-301F-11D3-BF4B-00C04F79EFBC}") = "Sample.Api", "samples\Sample.Api\Sample.Api.csproj", "{87F4572B-99A9-422E-A3D4-5D5FAB58459F}"
EndProject
Project("{FAE04EC0-301F-11D3-BF4B-00C04F79EFBC}") = "Sample.Worker", "samples\Sample.Worker\Sample.Worker.csproj", "{8244C80C-DC10-47AE-AF1C-5B7A799DD51F}"
EndProject
Project("{2150E333-8FDC-42A3-9474-1A3956D46DE8}") = "tests", "tests", "{0AB3BF05-4346-4AA6-1389-037BE0695223}"
EndProject
Project("{FAE04EC0-301F-11D3-BF4B-00C04F79EFBC}") = "Messaging.UnitTests", "tests\Messaging.UnitTests\Messaging.UnitTests.csproj", "{F7126B4F-72DD-48EE-AC83-C3018B44EC41}"
EndProject
Project("{FAE04EC0-301F-11D3-BF4B-00C04F79EFBC}") = "Messaging.IntegrationTests", "tests\Messaging.IntegrationTests\Messaging.IntegrationTests.csproj", "{51E44B5E-09BF-415F-A8F3-3DBF803A4BAF}"
EndProject
Project("{FAE04EC0-301F-11D3-BF4B-00C04F79EFBC}") = "Sample.Contracts", "samples\Sample.Contracts\Sample.Contracts.csproj", "{23751306-4864-47CA-946B-B1B179252F7B}"
EndProject
Global
	GlobalSection(SolutionConfigurationPlatforms) = preSolution
		Debug|Any CPU = Debug|Any CPU
		Debug|x64 = Debug|x64
		Debug|x86 = Debug|x86
		Release|Any CPU = Release|Any CPU
		Release|x64 = Release|x64
		Release|x86 = Release|x86
	EndGlobalSection
	GlobalSection(ProjectConfigurationPlatforms) = postSolution
		{5C64CFB5-1214-492F-A713-0806B3295209}.Debug|Any CPU.ActiveCfg = Debug|Any CPU
		{5C64CFB5-1214-492F-A713-0806B3295209}.Debug|Any CPU.Build.0 = Debug|Any CPU
		{5C64CFB5-1214-492F-A713-0806B3295209}.Debug|x64.ActiveCfg = Debug|Any CPU
		{5C64CFB5-1214-492F-A713-0806B3295209}.Debug|x64.Build.0 = Debug|Any CPU
		{5C64CFB5-1214-492F-A713-0806B3295209}.Debug|x86.ActiveCfg = Debug|Any CPU
		{5C64CFB5-1214-492F-A713-0806B3295209}.Debug|x86.Build.0 = Debug|Any CPU
		{5C64CFB5-1214-492F-A713-0806B3295209}.Release|Any CPU.ActiveCfg = Release|Any CPU
		{5C64CFB5-1214-492F-A713-0806B3295209}.Release|Any CPU.Build.0 = Release|Any CPU
		{5C64CFB5-1214-492F-A713-0806B3295209}.Release|x64.ActiveCfg = Release|Any CPU
		{5C64CFB5-1214-492F-A713-0806B3295209}.Release|x64.Build.0 = Release|Any CPU
		{5C64CFB5-1214-492F-A713-0806B3295209}.Release|x86.ActiveCfg = Release|Any CPU
		{5C64CFB5-1214-492F-A713-0806B3295209}.Release|x86.Build.0 = Release|Any CPU
		{39524F4A-DE1D-45E8-9E2B-14EBE7A0F2A1}.Debug|Any CPU.ActiveCfg = Debug|Any CPU
		{39524F4A-DE1D-45E8-9E2B-14EBE7A0F2A1}.Debug|Any CPU.Build.0 = Debug|Any CPU
		{39524F4A-DE1D-45E8-9E2B-14EBE7A0F2A1}.Debug|x64.ActiveCfg = Debug|Any CPU
		{39524F4A-DE1D-45E8-9E2B-14EBE7A0F2A1}.Debug|x64.Build.0 = Debug|Any CPU
		{39524F4A-DE1D-45E8-9E2B-14EBE7A0F2A1}.Debug|x86.ActiveCfg = Debug|Any CPU
		{39524F4A-DE1D-45E8-9E2B-14EBE7A0F2A1}.Debug|x86.Build.0 = Debug|Any CPU
		{39524F4A-DE1D-45E8-9E2B-14EBE7A0F2A1}.Release|Any CPU.ActiveCfg = Release|Any CPU
		{39524F4A-DE1D-45E8-9E2B-14EBE7A0F2A1}.Release|Any CPU.Build.0 = Release|Any CPU
		{39524F4A-DE1D-45E8-9E2B-14EBE7A0F2A1}.Release|x64.ActiveCfg = Release|Any CPU
		{39524F4A-DE1D-45E8-9E2B-14EBE7A0F2A1}.Release|x64.Build.0 = Release|Any CPU
		{39524F4A-DE1D-45E8-9E2B-14EBE7A0F2A1}.Release|x86.ActiveCfg = Release|Any CPU
		{39524F4A-DE1D-45E8-9E2B-14EBE7A0F2A1}.Release|x86.Build.0 = Release|Any CPU
		{5D26CE5A-D515-412C-BCEA-832C28BC0AC2}.Debug|Any CPU.ActiveCfg = Debug|Any CPU
		{5D26CE5A-D515-412C-BCEA-832C28BC0AC2}.Debug|Any CPU.Build.0 = Debug|Any CPU
		{5D26CE5A-D515-412C-BCEA-832C28BC0AC2}.Debug|x64.ActiveCfg = Debug|Any CPU
		{5D26CE5A-D515-412C-BCEA-832C28BC0AC2}.Debug|x64.Build.0 = Debug|Any CPU
		{5D26CE5A-D515-412C-BCEA-832C28BC0AC2}.Debug|x86.ActiveCfg = Debug|Any CPU
		{5D26CE5A-D515-412C-BCEA-832C28BC0AC2}.Debug|x86.Build.0 = Debug|Any CPU
		{5D26CE5A-D515-412C-BCEA-832C28BC0AC2}.Release|Any CPU.ActiveCfg = Release|Any CPU
		{5D26CE5A-D515-412C-BCEA-832C28BC0AC2}.Release|Any CPU.Build.0 = Release|Any CPU
		{5D26CE5A-D515-412C-BCEA-832C28BC0AC2}.Release|x64.ActiveCfg = Release|Any CPU
		{5D26CE5A-D515-412C-BCEA-832C28BC0AC2}.Release|x64.Build.0 = Release|Any CPU
		{5D26CE5A-D515-412C-BCEA-832C28BC0AC2}.Release|x86.ActiveCfg = Release|Any CPU
		{5D26CE5A-D515-412C-BCEA-832C28BC0AC2}.Release|x86.Build.0 = Release|Any CPU
		{87F4572B-99A9-422E-A3D4-5D5FAB58459F}.Debug|Any CPU.ActiveCfg = Debug|Any CPU
		{87F4572B-99A9-422E-A3D4-5D5FAB58459F}.Debug|Any CPU.Build.0 = Debug|Any CPU
		{87F4572B-99A9-422E-A3D4-5D5FAB58459F}.Debug|x64.ActiveCfg = Debug|Any CPU
		{87F4572B-99A9-422E-A3D4-5D5FAB58459F}.Debug|x64.Build.0 = Debug|Any CPU
		{87F4572B-99A9-422E-A3D4-5D5FAB58459F}.Debug|x86.ActiveCfg = Debug|Any CPU
		{87F4572B-99A9-422E-A3D4-5D5FAB58459F}.Debug|x86.Build.0 = Debug|Any CPU
		{87F4572B-99A9-422E-A3D4-5D5FAB58459F}.Release|Any CPU.ActiveCfg = Release|Any CPU
		{87F4572B-99A9-422E-A3D4-5D5FAB58459F}.Release|Any CPU.Build.0 = Release|Any CPU
		{87F4572B-99A9-422E-A3D4-5D5FAB58459F}.Release|x64.ActiveCfg = Release|Any CPU
		{87F4572B-99A9-422E-A3D4-5D5FAB58459F}.Release|x64.Build.0 = Release|Any CPU
		{87F4572B-99A9-422E-A3D4-5D5FAB58459F}.Release|x86.ActiveCfg = Release|Any CPU
		{87F4572B-99A9-422E-A3D4-5D5FAB58459F}.Release|x86.Build.0 = Release|Any CPU
		{8244C80C-DC10-47AE-AF1C-5B7A799DD51F}.Debug|Any CPU.ActiveCfg = Debug|Any CPU
		{8244C80C-DC10-47AE-AF1C-5B7A799DD51F}.Debug|Any CPU.Build.0 = Debug|Any CPU
		{8244C80C-DC10-47AE-AF1C-5B7A799DD51F}.Debug|x64.ActiveCfg = Debug|Any CPU
		{8244C80C-DC10-47AE-AF1C-5B7A799DD51F}.Debug|x64.Build.0 = Debug|Any CPU
		{8244C80C-DC10-47AE-AF1C-5B7A799DD51F}.Debug|x86.ActiveCfg = Debug|Any CPU
		{8244C80C-DC10-47AE-AF1C-5B7A799DD51F}.Debug|x86.Build.0 = Debug|Any CPU
		{8244C80C-DC10-47AE-AF1C-5B7A799DD51F}.Release|Any CPU.ActiveCfg = Release|Any CPU
		{8244C80C-DC10-47AE-AF1C-5B7A799DD51F}.Release|Any CPU.Build.0 = Release|Any CPU
		{8244C80C-DC10-47AE-AF1C-5B7A799DD51F}.Release|x64.ActiveCfg = Release|Any CPU
		{8244C80C-DC10-47AE-AF1C-5B7A799DD51F}.Release|x64.Build.0 = Release|Any CPU
		{8244C80C-DC10-47AE-AF1C-5B7A799DD51F}.Release|x86.ActiveCfg = Release|Any CPU
		{8244C80C-DC10-47AE-AF1C-5B7A799DD51F}.Release|x86.Build.0 = Release|Any CPU
		{F7126B4F-72DD-48EE-AC83-C3018B44EC41}.Debug|Any CPU.ActiveCfg = Debug|Any CPU
		{F7126B4F-72DD-48EE-AC83-C3018B44EC41}.Debug|Any CPU.Build.0 = Debug|Any CPU
		{F7126B4F-72DD-48EE-AC83-C3018B44EC41}.Debug|x64.ActiveCfg = Debug|Any CPU
		{F7126B4F-72DD-48EE-AC83-C3018B44EC41}.Debug|x64.Build.0 = Debug|Any CPU
		{F7126B4F-72DD-48EE-AC83-C3018B44EC41}.Debug|x86.ActiveCfg = Debug|Any CPU
		{F7126B4F-72DD-48EE-AC83-C3018B44EC41}.Debug|x86.Build.0 = Debug|Any CPU
		{F7126B4F-72DD-48EE-AC83-C3018B44EC41}.Release|Any CPU.ActiveCfg = Release|Any CPU
		{F7126B4F-72DD-48EE-AC83-C3018B44EC41}.Release|Any CPU.Build.0 = Release|Any CPU
		{F7126B4F-72DD-48EE-AC83-C3018B44EC41}.Release|x64.ActiveCfg = Release|Any CPU
		{F7126B4F-72DD-48EE-AC83-C3018B44EC41}.Release|x64.Build.0 = Release|Any CPU
		{F7126B4F-72DD-48EE-AC83-C3018B44EC41}.Release|x86.ActiveCfg = Release|Any CPU
		{F7126B4F-72DD-48EE-AC83-C3018B44EC41}.Release|x86.Build.0 = Release|Any CPU
		{51E44B5E-09BF-415F-A8F3-3DBF803A4BAF}.Debug|Any CPU.ActiveCfg = Debug|Any CPU
		{51E44B5E-09BF-415F-A8F3-3DBF803A4BAF}.Debug|Any CPU.Build.0 = Debug|Any CPU
		{51E44B5E-09BF-415F-A8F3-3DBF803A4BAF}.Debug|x64.ActiveCfg = Debug|Any CPU
		{51E44B5E-09BF-415F-A8F3-3DBF803A4BAF}.Debug|x64.Build.0 = Debug|Any CPU
		{51E44B5E-09BF-415F-A8F3-3DBF803A4BAF}.Debug|x86.ActiveCfg = Debug|Any CPU
		{51E44B5E-09BF-415F-A8F3-3DBF803A4BAF}.Debug|x86.Build.0 = Debug|Any CPU
		{51E44B5E-09BF-415F-A8F3-3DBF803A4BAF}.Release|Any CPU.ActiveCfg = Release|Any CPU
		{51E44B5E-09BF-415F-A8F3-3DBF803A4BAF}.Release|Any CPU.Build.0 = Release|Any CPU
		{51E44B5E-09BF-415F-A8F3-3DBF803A4BAF}.Release|x64.ActiveCfg = Release|Any CPU
		{51E44B5E-09BF-415F-A8F3-3DBF803A4BAF}.Release|x64.Build.0 = Release|Any CPU
		{51E44B5E-09BF-415F-A8F3-3DBF803A4BAF}.Release|x86.ActiveCfg = Release|Any CPU
		{51E44B5E-09BF-415F-A8F3-3DBF803A4BAF}.Release|x86.Build.0 = Release|Any CPU
		{23751306-4864-47CA-946B-B1B179252F7B}.Debug|Any CPU.ActiveCfg = Debug|Any CPU
		{23751306-4864-47CA-946B-B1B179252F7B}.Debug|Any CPU.Build.0 = Debug|Any CPU
		{23751306-4864-47CA-946B-B1B179252F7B}.Debug|x64.ActiveCfg = Debug|Any CPU
		{23751306-4864-47CA-946B-B1B179252F7B}.Debug|x64.Build.0 = Debug|Any CPU
		{23751306-4864-47CA-946B-B1B179252F7B}.Debug|x86.ActiveCfg = Debug|Any CPU
		{23751306-4864-47CA-946B-B1B179252F7B}.Debug|x86.Build.0 = Debug|Any CPU
		{23751306-4864-47CA-946B-B1B179252F7B}.Release|Any CPU.ActiveCfg = Release|Any CPU
		{23751306-4864-47CA-946B-B1B179252F7B}.Release|Any CPU.Build.0 = Release|Any CPU
		{23751306-4864-47CA-946B-B1B179252F7B}.Release|x64.ActiveCfg = Release|Any CPU
		{23751306-4864-47CA-946B-B1B179252F7B}.Release|x64.Build.0 = Release|Any CPU
		{23751306-4864-47CA-946B-B1B179252F7B}.Release|x86.ActiveCfg = Release|Any CPU
		{23751306-4864-47CA-946B-B1B179252F7B}.Release|x86.Build.0 = Release|Any CPU
	EndGlobalSection
	GlobalSection(SolutionProperties) = preSolution
		HideSolutionNode = FALSE
	EndGlobalSection
	GlobalSection(NestedProjects) = preSolution
		{5C64CFB5-1214-492F-A713-0806B3295209} = {827E0CD3-B72D-47B6-A68D-7590B98EB39B}
		{39524F4A-DE1D-45E8-9E2B-14EBE7A0F2A1} = {827E0CD3-B72D-47B6-A68D-7590B98EB39B}
		{5D26CE5A-D515-412C-BCEA-832C28BC0AC2} = {827E0CD3-B72D-47B6-A68D-7590B98EB39B}
		{87F4572B-99A9-422E-A3D4-5D5FAB58459F} = {5D20AA90-6969-D8BD-9DCD-8634F4692FDA}
		{8244C80C-DC10-47AE-AF1C-5B7A799DD51F} = {5D20AA90-6969-D8BD-9DCD-8634F4692FDA}
		{F7126B4F-72DD-48EE-AC83-C3018B44EC41} = {0AB3BF05-4346-4AA6-1389-037BE0695223}
		{51E44B5E-09BF-415F-A8F3-3DBF803A4BAF} = {0AB3BF05-4346-4AA6-1389-037BE0695223}
		{23751306-4864-47CA-946B-B1B179252F7B} = {5D20AA90-6969-D8BD-9DCD-8634F4692FDA}
	EndGlobalSection
EndGlobal
